apiVersion: agent-assembly.dev/v1alpha1
kind: GovernancePolicy
metadata:
  name: it-proxy-secret-block
  version: "0.1.0"
spec:
  tools:
    test_tool:
      allow: true
  data:
    # Detection patterns are inherited from the built-in scanner; the
    # operative knob is credential_action. `block` causes aa-proxy to
    # return 403 to the client and never dial upstream when a secret is
    # detected in the request body. Drives AAASM-1566's
    # proxy_secret_block_policy_prevents_forwarding integration test.
    credential_action: block
